
Microsoft Visual Studio Solution File, Format Version 12.00
# Visual Studio Version 17
VisualStudioVersion = 17.11.35327.3
MinimumVisualStudioVersion = 10.0.40219.1
Project("{FAE04EC0-301F-11D3-BF4B-00C04F79EFBC}") = "221120241014 Arif Kirik Armstrong sayi", "221120241014 Arif Kirik Armstrong sayi\221120241014 Arif Kirik Armstrong sayi.csproj", "{FC7F1442-D159-4500-ADDC-D9B274A22EDF}"
EndProject
Global
	GlobalSection(SolutionConfigurationPlatforms) = preSolution
		Debug|Any CPU = Debug|Any CPU
		Release|Any CPU = Release|Any CPU
	EndGlobalSection
	GlobalSection(ProjectConfigurationPlatforms) = postSolution
		{FC7F1442-D159-4500-ADDC-D9B274A22EDF}.Debug|Any CPU.ActiveCfg = Debug|Any CPU
		{FC7F1442-D159-4500-ADDC-D9B274A22EDF}.Debug|Any CPU.Build.0 = Debug|Any CPU
		{FC7F1442-D159-4500-ADDC-D9B274A22EDF}.Release|Any CPU.ActiveCfg = Release|Any CPU
		{FC7F1442-D159-4500-ADDC-D9B274A22EDF}.Release|Any CPU.Build.0 = Release|Any CPU
	EndGlobalSection
	GlobalSection(SolutionProperties) = preSolution
		HideSolutionNode = FALSE
	EndGlobalSection
	GlobalSection(ExtensibilityGlobals) = postSolution
		SolutionGuid = {3A6DBC15-BD79-4158-88CD-90EC5276FDB6}
	EndGlobalSection
EndGlobal
